
Microsoft Visual Studio Solution File, Format Version 11.00
# Visual Studio 2010
Project("{F2A71F9B-5D33-465A-A702-920D77279786}") = "Tantalum", "Tantalum\Tantalum.fsproj", "{0B5C6005-3F68-4AC3-94AA-E07AEDB8A751}"
EndProject
Project("{2150E333-8FDC-42A3-9474-1A3956D46DE8}") = "Solution Items", "Solution Items", "{F8F2D9F8-DCCC-4E11-A93C-E74EF84F167E}"
	ProjectSection(SolutionItems) = preProject
		README.md = README.md
	EndProjectSection
EndProject
Project("{F2A71F9B-5D33-465A-A702-920D77279786}") = "Voice", "VoiceOfTantalum\Voice.fsproj", "{11E9305C-10CE-48B0-958A-92EE8DC86465}"
EndProject
Global
	GlobalSection(SolutionConfigurationPlatforms) = preSolution
		Debug|x86 = Debug|x86
		Release|x86 = Release|x86
	EndGlobalSection
	GlobalSection(ProjectConfigurationPlatforms) = postSolution
		{0B5C6005-3F68-4AC3-94AA-E07AEDB8A751}.Debug|x86.ActiveCfg = Debug|x86
		{0B5C6005-3F68-4AC3-94AA-E07AEDB8A751}.Debug|x86.Build.0 = Debug|x86
		{0B5C6005-3F68-4AC3-94AA-E07AEDB8A751}.Release|x86.ActiveCfg = Release|x86
		{0B5C6005-3F68-4AC3-94AA-E07AEDB8A751}.Release|x86.Build.0 = Release|x86
		{11E9305C-10CE-48B0-958A-92EE8DC86465}.Debug|x86.ActiveCfg = Debug|x86
		{11E9305C-10CE-48B0-958A-92EE8DC86465}.Debug|x86.Build.0 = Debug|x86
		{11E9305C-10CE-48B0-958A-92EE8DC86465}.Release|x86.ActiveCfg = Release|x86
		{11E9305C-10CE-48B0-958A-92EE8DC86465}.Release|x86.Build.0 = Release|x86
	EndGlobalSection
	GlobalSection(SolutionProperties) = preSolution
		HideSolutionNode = FALSE
	EndGlobalSection
EndGlobal
